
Microsoft Visual Studio Solution File, Format Version 12.00
# Visual Studio Version 17
VisualStudioVersion = 17.3.32922.545
MinimumVisualStudioVersion = 10.0.40219.1
Project("{FAE04EC0-301F-11D3-BF4B-00C04F79EFBC}") = "BambiMam.Android", "BambiMam.Android\BambiMam.Android.csproj", "{3D36947D-7D20-439C-A37A-0B710D6F8526}"
EndProject
Project("{9A19103F-16F7-4668-BE54-9A1E7A4F7556}") = "BambiMam", "BambiMam\BambiMam.csproj", "{7A150766-9429-49D6-9D3D-2A06A78A319E}"
EndProject
Project("{2150E333-8FDC-42A3-9474-1A3956D46DE8}") = "Elementi di soluzione", "Elementi di soluzione", "{012CAC26-AE8D-451B-9E00-5FD34208CCC3}"
	ProjectSection(SolutionItems) = preProject
		Home.png = Home.png
		Menu.png = Menu.png
	EndProjectSection
EndProject
Global
	GlobalSection(SolutionConfigurationPlatforms) = preSolution
		Debug|Any CPU = Debug|Any CPU
		Release|Any CPU = Release|Any CPU
	EndGlobalSection
	GlobalSection(ProjectConfigurationPlatforms) = postSolution
		{3D36947D-7D20-439C-A37A-0B710D6F8526}.Debug|Any CPU.ActiveCfg = Debug|Any CPU
		{3D36947D-7D20-439C-A37A-0B710D6F8526}.Debug|Any CPU.Build.0 = Debug|Any CPU
		{3D36947D-7D20-439C-A37A-0B710D6F8526}.Debug|Any CPU.Deploy.0 = Debug|Any CPU
		{3D36947D-7D20-439C-A37A-0B710D6F8526}.Release|Any CPU.ActiveCfg = Release|Any CPU
		{3D36947D-7D20-439C-A37A-0B710D6F8526}.Release|Any CPU.Build.0 = Release|Any CPU
		{3D36947D-7D20-439C-A37A-0B710D6F8526}.Release|Any CPU.Deploy.0 = Release|Any CPU
		{7A150766-9429-49D6-9D3D-2A06A78A319E}.Debug|Any CPU.ActiveCfg = Debug|Any CPU
		{7A150766-9429-49D6-9D3D-2A06A78A319E}.Debug|Any CPU.Build.0 = Debug|Any CPU
		{7A150766-9429-49D6-9D3D-2A06A78A319E}.Debug|Any CPU.Deploy.0 = Debug|Any CPU
		{7A150766-9429-49D6-9D3D-2A06A78A319E}.Release|Any CPU.ActiveCfg = Release|Any CPU
		{7A150766-9429-49D6-9D3D-2A06A78A319E}.Release|Any CPU.Build.0 = Release|Any CPU
		{7A150766-9429-49D6-9D3D-2A06A78A319E}.Release|Any CPU.Deploy.0 = Release|Any CPU
	EndGlobalSection
	GlobalSection(SolutionProperties) = preSolution
		HideSolutionNode = FALSE
	EndGlobalSection
	GlobalSection(ExtensibilityGlobals) = postSolution
		SolutionGuid = {944B522B-184C-45F5-916C-638F1F30E31A}
	EndGlobalSection
EndGlobal
